{
  "name": "launchdarkly-feature-flags",
  "version": "1.0.0",
  "lockfileVersion": 3,
  "requires": true,
  "packages": {
    "": {
      "name": "launchdarkly-feature-flags",
      "version": "1.0.0",
      "license": "ISC",
      "dependencies": {
        "@launchdarkly/node-server-sdk": "^9.5.0",
        "dotenv": "^16.4.5"
      }
    },
    "node_modules/@launchdarkly/js-sdk-common": {
      "version": "2.5.0",
      "resolved": "https://registry.npmjs.org/@launchdarkly/js-sdk-common/-/js-sdk-common-2.5.0.tgz",
      "integrity": "sha512-sVwwUpXwAZsQowdbNN4ckprzR9DMEkurYWFuLjpyaaHtUmB6g7WnIz3lGGIXz/nE3QoUlwtC+eR8Nqb+XdonKw=="
    },
    "node_modules/@launchdarkly/js-server-sdk-common": {
      "version": "2.4.4",
      "resolved": "https://registry.npmjs.org/@launchdarkly/js-server-sdk-common/-/js-server-sdk-common-2.4.4.tgz",
      "integrity": "sha512-Y1l570HxRtGdeoaylRHWemmEIvFR33JMX3MyO8PE9TqBkFBJsLIXb+A5hdgGaT/XhTWwce6IWXmHVMotqv0zeA==",
      "dependencies": {
        "@launchdarkly/js-sdk-common": "2.5.0",
        "semver": "7.5.4"
      }
    },
    "node_modules/@launchdarkly/node-server-sdk": {
      "version": "9.5.0",
      "resolved": "https://registry.npmjs.org/@launchdarkly/node-server-sdk/-/node-server-sdk-9.5.0.tgz",
      "integrity": "sha512-nNH011mToDKEUz5Nrux3bdatgmHj+SQGUCCD1+R5wgzpdvwZxhi7w1W+9Wl6QrqB+LcpBfKp2+vMQH/4KLsDXg==",
      "dependencies": {
        "@launchdarkly/js-server-sdk-common": "2.4.4",
        "https-proxy-agent": "^5.0.1",
        "launchdarkly-eventsource": "2.0.3"
      }
    },
    "node_modules/agent-base": {
      "version": "6.0.2",
      "resolved": "https://registry.npmjs.org/agent-base/-/agent-base-6.0.2.tgz",
      "integrity": "sha512-RZNwNclF7+MS/8bDg70amg32dyeZGZxiDuQmZxKLAlQjr3jGyLx+4Kkk58UO7D2QdgFIQCovuSuZESne6RG6XQ==",
      "dependencies": {
        "debug": "4"
      },
      "engines": {
        "node": ">= 6.0.0"
      }
    },
    "node_modules/debug": {
      "version": "4.3.6",
      "resolved": "https://registry.npmjs.org/debug/-/debug-4.3.6.tgz",
      "integrity": "sha512-O/09Bd4Z1fBrU4VzkhFqVgpPzaGbw6Sm9FEkBT1A/YBXQFGuuSxa1dN2nxgxS34JmKXqYx8CZAwEVoJFImUXIg==",
      "dependencies": {
        "ms": "2.1.2"
      },
      "engines": {
        "node": ">=6.0"
      },
      "peerDependenciesMeta": {
        "supports-color": {
          "optional": true
        }
      }
    },
    "node_modules/dotenv": {
      "version": "16.4.5",
      "resolved": "https://registry.npmjs.org/dotenv/-/dotenv-16.4.5.tgz",
      "integrity": "sha512-ZmdL2rui+eB2YwhsWzjInR8LldtZHGDoQ1ugH85ppHKwpUHL7j7rN0Ti9NCnGiQbhaZ11FpR+7ao1dNsmduNUg==",
      "engines": {
        "node": ">=12"
      },
      "funding": {
        "url": "https://dotenvx.com"
      }
    },
    "node_modules/https-proxy-agent": {
      "version": "5.0.1",
      "resolved": "https://registry.npmjs.org/https-proxy-agent/-/https-proxy-agent-5.0.1.tgz",
      "integrity": "sha512-dFcAjpTQFgoLMzC2VwU+C/CbS7uRL0lWmxDITmqm7C+7F0Odmj6s9l6alZc6AELXhrnggM2CeWSXHGOdX2YtwA==",
      "dependencies": {
        "agent-base": "6",
        "debug": "4"
      },
      "engines": {
        "node": ">= 6"
      }
    },
    "node_modules/launchdarkly-eventsource": {
      "version": "2.0.3",
      "resolved": "https://registry.npmjs.org/launchdarkly-eventsource/-/launchdarkly-eventsource-2.0.3.tgz",
      "integrity": "sha512-VhFjppK7jXlcEKaS7bxdoibB5j01NKyeDR7a8XfssdDGNWCTsbF0/5IExSmPi44eDncPhkoPNxlSZhEZvrbD5w==",
      "engines": {
        "node": ">=0.12.0"
      }
    },
    "node_modules/lru-cache": {
      "version": "6.0.0",
      "resolved": "https://registry.npmjs.org/lru-cache/-/lru-cache-6.0.0.tgz",
      "integrity": "sha512-Jo6dJ04CmSjuznwJSS3pUeWmd/H0ffTlkXXgwZi+eq1UCmqQwCh+eLsYOYCwY991i2Fah4h1BEMCx4qThGbsiA==",
      "dependencies": {
        "yallist": "^4.0.0"
      },
      "engines": {
        "node": ">=10"
      }
    },
    "node_modules/ms": {
      "version": "2.1.2",
      "resolved": "https://registry.npmjs.org/ms/-/ms-2.1.2.tgz",
      "integrity": "sha512-sGkPx+VjMtmA6MX27oA4FBFELFCZZ4S4XqeGOXCv68tT+jb3vk/RyaKWP0PTKyWtmLSM0b+adUTEvbs1PEaH2w=="
    },
    "node_modules/semver": {
      "version": "7.5.4",
      "resolved": "https://registry.npmjs.org/semver/-/semver-7.5.4.tgz",
      "integrity": "sha512-1bCSESV6Pv+i21Hvpxp3Dx+pSD8lIPt8uVjRrxAUt/nbswYc+tK6Y2btiULjd4+fnq15PX+nqQDC7Oft7WkwcA==",
      "dependencies": {
        "lru-cache": "^6.0.0"
      },
      "bin": {
        "semver": "bin/semver.js"
      },
      "engines": {
        "node": ">=10"
      }
    },
    "node_modules/yallist": {
      "version": "4.0.0",
      "resolved": "https://registry.npmjs.org/yallist/-/yallist-4.0.0.tgz",
      "integrity": "sha512-3wdGidZyq5PB084XLES5TpOSRA3wjXAlIWMhum2kRcv/41Sn2emQ0dycQW4uZXLejwKvg6EsvbdlVL+FYEct7A=="
    }
  }
}
